
Microsoft Visual Studio Solution File, Format Version 12.00
Project("{FAE04EC0-301F-11D3-BF4B-00C04F79EFBC}") = "LRouxTech.Core.Auth", "LRouxTech.Core.Auth\LRouxTech.Core.Auth.csproj", "{502451A0-45D9-4CDF-BB0D-950377D28002}"
EndProject
Global
	GlobalSection(SolutionConfigurationPlatforms) = preSolution
		Debug|Any CPU = Debug|Any CPU
		Release|Any CPU = Release|Any CPU
	EndGlobalSection
	GlobalSection(ProjectConfigurationPlatforms) = postSolution
		{502451A0-45D9-4CDF-BB0D-950377D28002}.Debug|Any CPU.ActiveCfg = Debug|Any CPU
		{502451A0-45D9-4CDF-BB0D-950377D28002}.Debug|Any CPU.Build.0 = Debug|Any CPU
		{502451A0-45D9-4CDF-BB0D-950377D28002}.Release|Any CPU.ActiveCfg = Release|Any CPU
		{502451A0-45D9-4CDF-BB0D-950377D28002}.Release|Any CPU.Build.0 = Release|Any CPU
	EndGlobalSection
EndGlobal
